
Microsoft Visual Studio Solution File, Format Version 12.00
# Visual Studio Version 16
VisualStudioVersion = 16.0.29509.3
MinimumVisualStudioVersion = 10.0.40219.1
Project("{FAE04EC0-301F-11D3-BF4B-00C04F79EFBC}") = "ASCI", "ASCI\ASCI.csproj", "{16F8FF4C-236B-4F6E-A2F6-C8033CC68189}"
EndProject
Global
	GlobalSection(SolutionConfigurationPlatforms) = preSolution
		Debug|Any CPU = Debug|Any CPU
		Release|Any CPU = Release|Any CPU
	EndGlobalSection
	GlobalSection(ProjectConfigurationPlatforms) = postSolution
		{16F8FF4C-236B-4F6E-A2F6-C8033CC68189}.Debug|Any CPU.ActiveCfg = Debug|Any CPU
		{16F8FF4C-236B-4F6E-A2F6-C8033CC68189}.Debug|Any CPU.Build.0 = Debug|Any CPU
		{16F8FF4C-236B-4F6E-A2F6-C8033CC68189}.Release|Any CPU.ActiveCfg = Release|Any CPU
		{16F8FF4C-236B-4F6E-A2F6-C8033CC68189}.Release|Any CPU.Build.0 = Release|Any CPU
	EndGlobalSection
	GlobalSection(SolutionProperties) = preSolution
		HideSolutionNode = FALSE
	EndGlobalSection
	GlobalSection(ExtensibilityGlobals) = postSolution
		SolutionGuid = {B528B56F-BB3E-46FB-AF4D-75D05DDABB30}
	EndGlobalSection
EndGlobal
